
Microsoft Visual Studio Solution File, Format Version 12.00
# Visual Studio Version 16
VisualStudioVersion = 16.0.29709.97
MinimumVisualStudioVersion = 10.0.40219.1
Project("{FAE04EC0-301F-11D3-BF4B-00C04F79EFBC}") = "Tomki objekt", "Tomki objekt\Tomki objekt.csproj", "{166CEE48-758A-4841-8B49-4FA71F44190F}"
EndProject
Global
	GlobalSection(SolutionConfigurationPlatforms) = preSolution
		Debug|Any CPU = Debug|Any CPU
		Release|Any CPU = Release|Any CPU
	EndGlobalSection
	GlobalSection(ProjectConfigurationPlatforms) = postSolution
		{166CEE48-758A-4841-8B49-4FA71F44190F}.Debug|Any CPU.ActiveCfg = Debug|Any CPU
		{166CEE48-758A-4841-8B49-4FA71F44190F}.Debug|Any CPU.Build.0 = Debug|Any CPU
		{166CEE48-758A-4841-8B49-4FA71F44190F}.Release|Any CPU.ActiveCfg = Release|Any CPU
		{166CEE48-758A-4841-8B49-4FA71F44190F}.Release|Any CPU.Build.0 = Release|Any CPU
	EndGlobalSection
	GlobalSection(SolutionProperties) = preSolution
		HideSolutionNode = FALSE
	EndGlobalSection
	GlobalSection(ExtensibilityGlobals) = postSolution
		SolutionGuid = {D410DCCB-7659-42C8-B3DE-683CCD3C14F1}
	EndGlobalSection
EndGlobal
